
Microsoft Visual Studio Solution File, Format Version 12.00
# Visual Studio Version 16
VisualStudioVersion = 16.0.30114.105
MinimumVisualStudioVersion = 10.0.40219.1
Project("{FAE04EC0-301F-11D3-BF4B-00C04F79EFBC}") = "tut2", "tut2\tut2.csproj", "{67C922A4-03C4-4E43-9DB3-5ED6F38968C7}"
EndProject
Global
	GlobalSection(SolutionConfigurationPlatforms) = preSolution
		Debug|Any CPU = Debug|Any CPU
		Release|Any CPU = Release|Any CPU
	EndGlobalSection
	GlobalSection(ProjectConfigurationPlatforms) = postSolution
		{67C922A4-03C4-4E43-9DB3-5ED6F38968C7}.Debug|Any CPU.ActiveCfg = Debug|Any CPU
		{67C922A4-03C4-4E43-9DB3-5ED6F38968C7}.Debug|Any CPU.Build.0 = Debug|Any CPU
		{67C922A4-03C4-4E43-9DB3-5ED6F38968C7}.Release|Any CPU.ActiveCfg = Release|Any CPU
		{67C922A4-03C4-4E43-9DB3-5ED6F38968C7}.Release|Any CPU.Build.0 = Release|Any CPU
	EndGlobalSection
	GlobalSection(SolutionProperties) = preSolution
		HideSolutionNode = FALSE
	EndGlobalSection
	GlobalSection(ExtensibilityGlobals) = postSolution
		SolutionGuid = {608B6E09-B895-443D-B144-9F3D97E2FA16}
	EndGlobalSection
EndGlobal
